
Microsoft Visual Studio Solution File, Format Version 12.00
# Visual Studio 15
VisualStudioVersion = 15.0.26730.12
MinimumVisualStudioVersion = 10.0.40219.1
Project("{FAE04EC0-301F-11D3-BF4B-00C04F79EFBC}") = "Labb 2 test", "Labb 2 test\Labb 2 test.csproj", "{DFFBD4AD-BBD9-4AD7-BA2C-360DFF68BDB3}"
EndProject
Global
	GlobalSection(SolutionConfigurationPlatforms) = preSolution
		Debug|Any CPU = Debug|Any CPU
		Release|Any CPU = Release|Any CPU
	EndGlobalSection
	GlobalSection(ProjectConfigurationPlatforms) = postSolution
		{DFFBD4AD-BBD9-4AD7-BA2C-360DFF68BDB3}.Debug|Any CPU.ActiveCfg = Debug|Any CPU
		{DFFBD4AD-BBD9-4AD7-BA2C-360DFF68BDB3}.Debug|Any CPU.Build.0 = Debug|Any CPU
		{DFFBD4AD-BBD9-4AD7-BA2C-360DFF68BDB3}.Release|Any CPU.ActiveCfg = Release|Any CPU
		{DFFBD4AD-BBD9-4AD7-BA2C-360DFF68BDB3}.Release|Any CPU.Build.0 = Release|Any CPU
	EndGlobalSection
	GlobalSection(SolutionProperties) = preSolution
		HideSolutionNode = FALSE
	EndGlobalSection
	GlobalSection(ExtensibilityGlobals) = postSolution
		SolutionGuid = {EEDB0E24-478A-4D05-874E-3995A70884B9}
	EndGlobalSection
EndGlobal
